
Microsoft Visual Studio Solution File, Format Version 12.00
# Visual Studio 2013
VisualStudioVersion = 12.0.30723.0
MinimumVisualStudioVersion = 10.0.40219.1
Project("{FAE04EC0-301F-11D3-BF4B-00C04F79EFBC}") = "SwosPlayerFinder.Core", "SwosPlayerFinder.Core\SwosPlayerFinder.Core.csproj", "{B772C4DD-BEA0-4B4F-9F93-062099FA9638}"
EndProject
Project("{FAE04EC0-301F-11D3-BF4B-00C04F79EFBC}") = "SwosPlayerFinder.Tests.Core", "SwosPlayerFinder.Tests.Core\SwosPlayerFinder.Tests.Core.csproj", "{A3C45B4E-BDA1-4354-9FEE-19EA6E2C7BC2}"
EndProject
Project("{FAE04EC0-301F-11D3-BF4B-00C04F79EFBC}") = "SwosPlayerFinder.IntegrationTests", "SwosPlayerFinder.IntegrationTests\SwosPlayerFinder.IntegrationTests.csproj", "{4527B6CE-50E0-4FE2-B5B3-656B3797B870}"
EndProject
Project("{FAE04EC0-301F-11D3-BF4B-00C04F79EFBC}") = "SwosPlayerFinder.Windows", "SwosPlayerFinder.Windows\SwosPlayerFinder.Windows.csproj", "{43B349F3-18E4-4204-B1F5-D3E37AF1A1ED}"
EndProject
Project("{2150E333-8FDC-42A3-9474-1A3956D46DE8}") = "Tests", "Tests", "{6721E29D-CD8B-44E1-A884-9DFB34E23EC2}"
EndProject
Global
	GlobalSection(SolutionConfigurationPlatforms) = preSolution
		Debug|Any CPU = Debug|Any CPU
		Debug|Mixed Platforms = Debug|Mixed Platforms
		Debug|x86 = Debug|x86
		Release|Any CPU = Release|Any CPU
		Release|Mixed Platforms = Release|Mixed Platforms
		Release|x86 = Release|x86
	EndGlobalSection
	GlobalSection(ProjectConfigurationPlatforms) = postSolution
		{B772C4DD-BEA0-4B4F-9F93-062099FA9638}.Debug|Any CPU.ActiveCfg = Debug|Any CPU
		{B772C4DD-BEA0-4B4F-9F93-062099FA9638}.Debug|Any CPU.Build.0 = Debug|Any CPU
		{B772C4DD-BEA0-4B4F-9F93-062099FA9638}.Debug|Mixed Platforms.ActiveCfg = Debug|Any CPU
		{B772C4DD-BEA0-4B4F-9F93-062099FA9638}.Debug|Mixed Platforms.Build.0 = Debug|Any CPU
		{B772C4DD-BEA0-4B4F-9F93-062099FA9638}.Debug|x86.ActiveCfg = Debug|Any CPU
		{B772C4DD-BEA0-4B4F-9F93-062099FA9638}.Release|Any CPU.ActiveCfg = Release|Any CPU
		{B772C4DD-BEA0-4B4F-9F93-062099FA9638}.Release|Any CPU.Build.0 = Release|Any CPU
		{B772C4DD-BEA0-4B4F-9F93-062099FA9638}.Release|Mixed Platforms.ActiveCfg = Release|Any CPU
		{B772C4DD-BEA0-4B4F-9F93-062099FA9638}.Release|Mixed Platforms.Build.0 = Release|Any CPU
		{B772C4DD-BEA0-4B4F-9F93-062099FA9638}.Release|x86.ActiveCfg = Release|Any CPU
		{A3C45B4E-BDA1-4354-9FEE-19EA6E2C7BC2}.Debug|Any CPU.ActiveCfg = Debug|Any CPU
		{A3C45B4E-BDA1-4354-9FEE-19EA6E2C7BC2}.Debug|Any CPU.Build.0 = Debug|Any CPU
		{A3C45B4E-BDA1-4354-9FEE-19EA6E2C7BC2}.Debug|Mixed Platforms.ActiveCfg = Debug|Any CPU
		{A3C45B4E-BDA1-4354-9FEE-19EA6E2C7BC2}.Debug|Mixed Platforms.Build.0 = Debug|Any CPU
		{A3C45B4E-BDA1-4354-9FEE-19EA6E2C7BC2}.Debug|x86.ActiveCfg = Debug|Any CPU
		{A3C45B4E-BDA1-4354-9FEE-19EA6E2C7BC2}.Release|Any CPU.ActiveCfg = Release|Any CPU
		{A3C45B4E-BDA1-4354-9FEE-19EA6E2C7BC2}.Release|Any CPU.Build.0 = Release|Any CPU
		{A3C45B4E-BDA1-4354-9FEE-19EA6E2C7BC2}.Release|Mixed Platforms.ActiveCfg = Release|Any CPU
		{A3C45B4E-BDA1-4354-9FEE-19EA6E2C7BC2}.Release|Mixed Platforms.Build.0 = Release|Any CPU
		{A3C45B4E-BDA1-4354-9FEE-19EA6E2C7BC2}.Release|x86.ActiveCfg = Release|Any CPU
		{4527B6CE-50E0-4FE2-B5B3-656B3797B870}.Debug|Any CPU.ActiveCfg = Debug|Any CPU
		{4527B6CE-50E0-4FE2-B5B3-656B3797B870}.Debug|Any CPU.Build.0 = Debug|Any CPU
		{4527B6CE-50E0-4FE2-B5B3-656B3797B870}.Debug|Mixed Platforms.ActiveCfg = Debug|Any CPU
		{4527B6CE-50E0-4FE2-B5B3-656B3797B870}.Debug|Mixed Platforms.Build.0 = Debug|Any CPU
		{4527B6CE-50E0-4FE2-B5B3-656B3797B870}.Debug|x86.ActiveCfg = Debug|Any CPU
		{4527B6CE-50E0-4FE2-B5B3-656B3797B870}.Release|Any CPU.ActiveCfg = Release|Any CPU
		{4527B6CE-50E0-4FE2-B5B3-656B3797B870}.Release|Any CPU.Build.0 = Release|Any CPU
		{4527B6CE-50E0-4FE2-B5B3-656B3797B870}.Release|Mixed Platforms.ActiveCfg = Release|Any CPU
		{4527B6CE-50E0-4FE2-B5B3-656B3797B870}.Release|Mixed Platforms.Build.0 = Release|Any CPU
		{4527B6CE-50E0-4FE2-B5B3-656B3797B870}.Release|x86.ActiveCfg = Release|Any CPU
		{43B349F3-18E4-4204-B1F5-D3E37AF1A1ED}.Debug|Any CPU.ActiveCfg = Debug|x86
		{43B349F3-18E4-4204-B1F5-D3E37AF1A1ED}.Debug|Mixed Platforms.ActiveCfg = Debug|x86
		{43B349F3-18E4-4204-B1F5-D3E37AF1A1ED}.Debug|Mixed Platforms.Build.0 = Debug|x86
		{43B349F3-18E4-4204-B1F5-D3E37AF1A1ED}.Debug|x86.ActiveCfg = Debug|x86
		{43B349F3-18E4-4204-B1F5-D3E37AF1A1ED}.Debug|x86.Build.0 = Debug|x86
		{43B349F3-18E4-4204-B1F5-D3E37AF1A1ED}.Release|Any CPU.ActiveCfg = Release|x86
		{43B349F3-18E4-4204-B1F5-D3E37AF1A1ED}.Release|Mixed Platforms.ActiveCfg = Release|x86
		{43B349F3-18E4-4204-B1F5-D3E37AF1A1ED}.Release|Mixed Platforms.Build.0 = Release|x86
		{43B349F3-18E4-4204-B1F5-D3E37AF1A1ED}.Release|x86.ActiveCfg = Release|x86
		{43B349F3-18E4-4204-B1F5-D3E37AF1A1ED}.Release|x86.Build.0 = Release|x86
	EndGlobalSection
	GlobalSection(SolutionProperties) = preSolution
		HideSolutionNode = FALSE
	EndGlobalSection
	GlobalSection(NestedProjects) = preSolution
		{A3C45B4E-BDA1-4354-9FEE-19EA6E2C7BC2} = {6721E29D-CD8B-44E1-A884-9DFB34E23EC2}
		{4527B6CE-50E0-4FE2-B5B3-656B3797B870} = {6721E29D-CD8B-44E1-A884-9DFB34E23EC2}
	EndGlobalSection
EndGlobal
